
Microsoft Visual Studio Solution File, Format Version 12.00
# Visual Studio Version 17
VisualStudioVersion = 17.4.33213.308
MinimumVisualStudioVersion = 10.0.40219.1
Project("{FAE04EC0-301F-11D3-BF4B-00C04F79EFBC}") = "3P- CRUD simple", "3P- CRUD simple\3P- CRUD simple.csproj", "{ECB61B66-FB9A-474F-9752-C3BB1D5A1C8E}"
EndProject
Global
	GlobalSection(SolutionConfigurationPlatforms) = preSolution
		Debug|Any CPU = Debug|Any CPU
		Release|Any CPU = Release|Any CPU
	EndGlobalSection
	GlobalSection(ProjectConfigurationPlatforms) = postSolution
		{ECB61B66-FB9A-474F-9752-C3BB1D5A1C8E}.Debug|Any CPU.ActiveCfg = Debug|Any CPU
		{ECB61B66-FB9A-474F-9752-C3BB1D5A1C8E}.Debug|Any CPU.Build.0 = Debug|Any CPU
		{ECB61B66-FB9A-474F-9752-C3BB1D5A1C8E}.Release|Any CPU.ActiveCfg = Release|Any CPU
		{ECB61B66-FB9A-474F-9752-C3BB1D5A1C8E}.Release|Any CPU.Build.0 = Release|Any CPU
	EndGlobalSection
	GlobalSection(SolutionProperties) = preSolution
		HideSolutionNode = FALSE
	EndGlobalSection
	GlobalSection(ExtensibilityGlobals) = postSolution
		SolutionGuid = {5E9C64CB-0E7B-45C8-AC04-97E6D29C2E0E}
	EndGlobalSection
EndGlobal
